// !$*UTF8*$!
{
	archiveVersion = 1;
	classes = {
	};
	objectVersion = 50;
	objects = {

/* Begin PBXBuildFile section */
		493416C025774ED600FD57FF /* AppDelegate.swift in Sources */ = {isa = PBXBuildFile; fileRef = 493416BF25774ED600FD57FF /* AppDelegate.swift */; };
		493416C925774ED700FD57FF /* Assets.xcassets in Resources */ = {isa = PBXBuildFile; fileRef = 493416C825774ED700FD57FF /* Assets.xcassets */; };
		493416CC25774ED700FD57FF /* LaunchScreen.storyboard in Resources */ = {isa = PBXBuildFile; fileRef = 493416CA25774ED700FD57FF /* LaunchScreen.storyboard */; };
		493416D725774ED800FD57FF /* counterAppTests.swift in Sources */ = {isa = PBXBuildFile; fileRef = 493416D625774ED800FD57FF /* counterAppTests.swift */; };
		493416E225774ED800FD57FF /* counterAppUITests.swift in Sources */ = {isa = PBXBuildFile; fileRef = 493416E125774ED800FD57FF /* counterAppUITests.swift */; };
		4934170125789BBC00FD57FF /* Coodinator.swift in Sources */ = {isa = PBXBuildFile; fileRef = 4934170025789BBC00FD57FF /* Coodinator.swift */; };
		4934170925789BE200FD57FF /* Storyboarded.swift in Sources */ = {isa = PBXBuildFile; fileRef = 4934170825789BE200FD57FF /* Storyboarded.swift */; };
		4934170F25789C2D00FD57FF /* MainCoordinator.swift in Sources */ = {isa = PBXBuildFile; fileRef = 4934170E25789C2D00FD57FF /* MainCoordinator.swift */; };
		494D7A20257AD70600F664B2 /* CounterModel.swift in Sources */ = {isa = PBXBuildFile; fileRef = 494D7A1F257AD70600F664B2 /* CounterModel.swift */; };
		494D7A27257AF95000F664B2 /* CreateCounterViewController.swift in Sources */ = {isa = PBXBuildFile; fileRef = 494D7A25257AF95000F664B2 /* CreateCounterViewController.swift */; };
		494D7A28257AF95000F664B2 /* CreateCounterViewController.xib in Resources */ = {isa = PBXBuildFile; fileRef = 494D7A26257AF95000F664B2 /* CreateCounterViewController.xib */; };
		494D7A30257AFA2B00F664B2 /* CounterCreate.strings in Resources */ = {isa = PBXBuildFile; fileRef = 494D7A2F257AFA2B00F664B2 /* CounterCreate.strings */; };
		494D7A3D257B1B6A00F664B2 /* Icons.xcassets in Resources */ = {isa = PBXBuildFile; fileRef = 494D7A3C257B1B6A00F664B2 /* Icons.xcassets */; };
		494D7A62257B409F00F664B2 /* ResultView.swift in Sources */ = {isa = PBXBuildFile; fileRef = 494D7A61257B409F00F664B2 /* ResultView.swift */; };
		494D7A6A257B40B500F664B2 /* ResultView.xib in Resources */ = {isa = PBXBuildFile; fileRef = 494D7A69257B40B500F664B2 /* ResultView.xib */; };
		49F557362578A89B0036F1D2 /* WelcomeViewController.swift in Sources */ = {isa = PBXBuildFile; fileRef = 49F557342578A89B0036F1D2 /* WelcomeViewController.swift */; };
		49F557372578A89B0036F1D2 /* WelcomeViewController.xib in Resources */ = {isa = PBXBuildFile; fileRef = 49F557352578A89B0036F1D2 /* WelcomeViewController.xib */; };
		49F557572578ACC60036F1D2 /* SF-Pro-Display-Heavy.otf in Resources */ = {isa = PBXBuildFile; fileRef = 49F557482578ACC60036F1D2 /* SF-Pro-Display-Heavy.otf */; };
		49F557582578ACC60036F1D2 /* SF-Pro-Display-Semibold.otf in Resources */ = {isa = PBXBuildFile; fileRef = 49F557492578ACC60036F1D2 /* SF-Pro-Display-Semibold.otf */; };
		49F557592578ACC60036F1D2 /* SF-Pro-Display-Regular.otf in Resources */ = {isa = PBXBuildFile; fileRef = 49F5574A2578ACC60036F1D2 /* SF-Pro-Display-Regular.otf */; };
		49F5575A2578ACC60036F1D2 /* SF-Pro-Display-Bold.otf in Resources */ = {isa = PBXBuildFile; fileRef = 49F5574B2578ACC60036F1D2 /* SF-Pro-Display-Bold.otf */; };
		49F5575B2578ACC60036F1D2 /* SF-Pro-Display-Light.otf in Resources */ = {isa = PBXBuildFile; fileRef = 49F5574C2578ACC60036F1D2 /* SF-Pro-Display-Light.otf */; };
		49F557602578ACC70036F1D2 /* SF-Pro-Display-Ultralight.otf in Resources */ = {isa = PBXBuildFile; fileRef = 49F557512578ACC60036F1D2 /* SF-Pro-Display-Ultralight.otf */; };
		49F557612578ACC70036F1D2 /* SF-Pro-Display-Medium.otf in Resources */ = {isa = PBXBuildFile; fileRef = 49F557522578ACC60036F1D2 /* SF-Pro-Display-Medium.otf */; };
		49F557632578ACC70036F1D2 /* SF-Pro-Display-Thin.otf in Resources */ = {isa = PBXBuildFile; fileRef = 49F557542578ACC60036F1D2 /* SF-Pro-Display-Thin.otf */; };
		49F557642578ACC70036F1D2 /* SF-Pro-Display-Black.otf in Resources */ = {isa = PBXBuildFile; fileRef = 49F557552578ACC60036F1D2 /* SF-Pro-Display-Black.otf */; };
		49F5576C2578ACD60036F1D2 /* SF-Pro-Display-UltralightItalic.otf in Resources */ = {isa = PBXBuildFile; fileRef = 49F557692578ACD60036F1D2 /* SF-Pro-Display-UltralightItalic.otf */; };
		49F5576D2578ACD60036F1D2 /* SF-Pro-Display-RegularItalic.otf in Resources */ = {isa = PBXBuildFile; fileRef = 49F5576A2578ACD60036F1D2 /* SF-Pro-Display-RegularItalic.otf */; };
		49F5576E2578ACD60036F1D2 /* SF-Pro-Display-HeavyItalic.otf in Resources */ = {isa = PBXBuildFile; fileRef = 49F5576B2578ACD60036F1D2 /* SF-Pro-Display-HeavyItalic.otf */; };
		49F557892578B25D0036F1D2 /* UIColor.swift in Sources */ = {isa = PBXBuildFile; fileRef = 49F557882578B25D0036F1D2 /* UIColor.swift */; };
		49F557B12578B7110036F1D2 /* Localized.swift in Sources */ = {isa = PBXBuildFile; fileRef = 49F557B02578B7110036F1D2 /* Localized.swift */; };
		49FFAEE62579385900808421 /* UIView.swift in Sources */ = {isa = PBXBuildFile; fileRef = 49FFAEE52579385900808421 /* UIView.swift */; };
		49FFAEEB25793E3200808421 /* UIButton.swift in Sources */ = {isa = PBXBuildFile; fileRef = 49FFAEEA25793E3200808421 /* UIButton.swift */; };
		49FFAEF02579426200808421 /* Welcome.strings in Resources */ = {isa = PBXBuildFile; fileRef = 49FFAEEF2579426200808421 /* Welcome.strings */; };
		49FFAEF5257942D100808421 /* LocationSettings.swift in Sources */ = {isa = PBXBuildFile; fileRef = 49FFAEF4257942D100808421 /* LocationSettings.swift */; };
		49FFAEFB2579441500808421 /* CounterConstants.swift in Sources */ = {isa = PBXBuildFile; fileRef = 49FFAEFA2579441500808421 /* CounterConstants.swift */; };
		49FFAF052579477F00808421 /* UILabel.swift in Sources */ = {isa = PBXBuildFile; fileRef = 49FFAF042579477F00808421 /* UILabel.swift */; };
		49FFAF0D2579493E00808421 /* UIControl.swift in Sources */ = {isa = PBXBuildFile; fileRef = 49FFAF0C2579493E00808421 /* UIControl.swift */; };
		49FFAF14257949CE00808421 /* CountersViewController.swift in Sources */ = {isa = PBXBuildFile; fileRef = 49FFAF12257949CE00808421 /* CountersViewController.swift */; };
		49FFAF15257949CE00808421 /* CountersViewController.xib in Resources */ = {isa = PBXBuildFile; fileRef = 49FFAF13257949CE00808421 /* CountersViewController.xib */; };
		49FFAF1E25794DE400808421 /* BaseViewController.swift in Sources */ = {isa = PBXBuildFile; fileRef = 49FFAF1D25794DE400808421 /* BaseViewController.swift */; };
		49FFAF262579BC3F00808421 /* Counters.strings in Resources */ = {isa = PBXBuildFile; fileRef = 49FFAF252579BC3F00808421 /* Counters.strings */; };
		49FFAF2E2579C08900808421 /* UIBarButtonItem.swift in Sources */ = {isa = PBXBuildFile; fileRef = 49FFAF2D2579C08900808421 /* UIBarButtonItem.swift */; };
		49FFAF332579DC2300808421 /* CountersViewModel.swift in Sources */ = {isa = PBXBuildFile; fileRef = 49FFAF322579DC2300808421 /* CountersViewModel.swift */; };
		49FFAF392579DD2F00808421 /* UITableViewCell.swift in Sources */ = {isa = PBXBuildFile; fileRef = 49FFAF382579DD2F00808421 /* UITableViewCell.swift */; };
		49FFAF3F2579DD6000808421 /* CounterTableViewCell.swift in Sources */ = {isa = PBXBuildFile; fileRef = 49FFAF3D2579DD6000808421 /* CounterTableViewCell.swift */; };
		49FFAF402579DD6000808421 /* CounterTableViewCell.xib in Resources */ = {isa = PBXBuildFile; fileRef = 49FFAF3E2579DD6000808421 /* CounterTableViewCell.xib */; };
/* End PBXBuildFile section */

/* Begin PBXContainerItemProxy section */
		493416D325774ED800FD57FF /* PBXContainerItemProxy */ = {
			isa = PBXContainerItemProxy;
			containerPortal = 493416B425774ED600FD57FF /* Project object */;
			proxyType = 1;
			remoteGlobalIDString = 493416BB25774ED600FD57FF;
			remoteInfo = counterApp;
		};
		493416DE25774ED800FD57FF /* PBXContainerItemProxy */ = {
			isa = PBXContainerItemProxy;
			containerPortal = 493416B425774ED600FD57FF /* Project object */;
			proxyType = 1;
			remoteGlobalIDString = 493416BB25774ED600FD57FF;
			remoteInfo = counterApp;
		};
/* End PBXContainerItemProxy section */

/* Begin PBXFileReference section */
		493416BC25774ED600FD57FF /* counterApp.app */ = {isa = PBXFileReference; explicitFileType = wrapper.application; includeInIndex = 0; path = counterApp.app; sourceTree = BUILT_PRODUCTS_DIR; };
		493416BF25774ED600FD57FF /* AppDelegate.swift */ = {isa = PBXFileReference; lastKnownFileType = sourcecode.swift; path = AppDelegate.swift; sourceTree = "<group>"; };
		493416C825774ED700FD57FF /* Assets.xcassets */ = {isa = PBXFileReference; lastKnownFileType = folder.assetcatalog; path = Assets.xcassets; sourceTree = "<group>"; };
		493416CB25774ED700FD57FF /* Base */ = {isa = PBXFileReference; lastKnownFileType = file.storyboard; name = Base; path = Base.lproj/LaunchScreen.storyboard; sourceTree = "<group>"; };
		493416CD25774ED700FD57FF /* Info.plist */ = {isa = PBXFileReference; lastKnownFileType = text.plist.xml; path = Info.plist; sourceTree = "<group>"; };
		493416D225774ED800FD57FF /* counterAppTests.xctest */ = {isa = PBXFileReference; explicitFileType = wrapper.cfbundle; includeInIndex = 0; path = counterAppTests.xctest; sourceTree = BUILT_PRODUCTS_DIR; };
		493416D625774ED800FD57FF /* counterAppTests.swift */ = {isa = PBXFileReference; lastKnownFileType = sourcecode.swift; path = counterAppTests.swift; sourceTree = "<group>"; };
		493416D825774ED800FD57FF /* Info.plist */ = {isa = PBXFileReference; lastKnownFileType = text.plist.xml; path = Info.plist; sourceTree = "<group>"; };
		493416DD25774ED800FD57FF /* counterAppUITests.xctest */ = {isa = PBXFileReference; explicitFileType = wrapper.cfbundle; includeInIndex = 0; path = counterAppUITests.xctest; sourceTree = BUILT_PRODUCTS_DIR; };
		493416E125774ED800FD57FF /* counterAppUITests.swift */ = {isa = PBXFileReference; lastKnownFileType = sourcecode.swift; path = counterAppUITests.swift; sourceTree = "<group>"; };
		493416E325774ED800FD57FF /* Info.plist */ = {isa = PBXFileReference; lastKnownFileType = text.plist.xml; path = Info.plist; sourceTree = "<group>"; };
		4934170025789BBC00FD57FF /* Coodinator.swift */ = {isa = PBXFileReference; lastKnownFileType = sourcecode.swift; path = Coodinator.swift; sourceTree = "<group>"; };
		4934170825789BE200FD57FF /* Storyboarded.swift */ = {isa = PBXFileReference; lastKnownFileType = sourcecode.swift; path = Storyboarded.swift; sourceTree = "<group>"; };
		4934170E25789C2D00FD57FF /* MainCoordinator.swift */ = {isa = PBXFileReference; lastKnownFileType = sourcecode.swift; path = MainCoordinator.swift; sourceTree = "<group>"; };
		494D7A1F257AD70600F664B2 /* CounterModel.swift */ = {isa = PBXFileReference; lastKnownFileType = sourcecode.swift; path = CounterModel.swift; sourceTree = "<group>"; };
		494D7A25257AF95000F664B2 /* CreateCounterViewController.swift */ = {isa = PBXFileReference; lastKnownFileType = sourcecode.swift; path = CreateCounterViewController.swift; sourceTree = "<group>"; };
		494D7A26257AF95000F664B2 /* CreateCounterViewController.xib */ = {isa = PBXFileReference; lastKnownFileType = file.xib; path = CreateCounterViewController.xib; sourceTree = "<group>"; };
		494D7A2F257AFA2B00F664B2 /* CounterCreate.strings */ = {isa = PBXFileReference; lastKnownFileType = text.plist.strings; path = CounterCreate.strings; sourceTree = "<group>"; };
		494D7A3C257B1B6A00F664B2 /* Icons.xcassets */ = {isa = PBXFileReference; lastKnownFileType = folder.assetcatalog; path = Icons.xcassets; sourceTree = "<group>"; };
		494D7A61257B409F00F664B2 /* ResultView.swift */ = {isa = PBXFileReference; lastKnownFileType = sourcecode.swift; path = ResultView.swift; sourceTree = "<group>"; };
		494D7A69257B40B500F664B2 /* ResultView.xib */ = {isa = PBXFileReference; lastKnownFileType = file.xib; path = ResultView.xib; sourceTree = "<group>"; };
		49F557342578A89B0036F1D2 /* WelcomeViewController.swift */ = {isa = PBXFileReference; lastKnownFileType = sourcecode.swift; path = WelcomeViewController.swift; sourceTree = "<group>"; };
		49F557352578A89B0036F1D2 /* WelcomeViewController.xib */ = {isa = PBXFileReference; lastKnownFileType = file.xib; path = WelcomeViewController.xib; sourceTree = "<group>"; };
		49F557482578ACC60036F1D2 /* SF-Pro-Display-Heavy.otf */ = {isa = PBXFileReference; lastKnownFileType = file; path = "SF-Pro-Display-Heavy.otf"; sourceTree = "<group>"; };
		49F557492578ACC60036F1D2 /* SF-Pro-Display-Semibold.otf */ = {isa = PBXFileReference; lastKnownFileType = file; path = "SF-Pro-Display-Semibold.otf"; sourceTree = "<group>"; };
		49F5574A2578ACC60036F1D2 /* SF-Pro-Display-Regular.otf */ = {isa = PBXFileReference; lastKnownFileType = file; path = "SF-Pro-Display-Regular.otf"; sourceTree = "<group>"; };
		49F5574B2578ACC60036F1D2 /* SF-Pro-Display-Bold.otf */ = {isa = PBXFileReference; lastKnownFileType = file; path = "SF-Pro-Display-Bold.otf"; sourceTree = "<group>"; };
		49F5574C2578ACC60036F1D2 /* SF-Pro-Display-Light.otf */ = {isa = PBXFileReference; lastKnownFileType = file; path = "SF-Pro-Display-Light.otf"; sourceTree = "<group>"; };
		49F557512578ACC60036F1D2 /* SF-Pro-Display-Ultralight.otf */ = {isa = PBXFileReference; lastKnownFileType = file; path = "SF-Pro-Display-Ultralight.otf"; sourceTree = "<group>"; };
		49F557522578ACC60036F1D2 /* SF-Pro-Display-Medium.otf */ = {isa = PBXFileReference; lastKnownFileType = file; path = "SF-Pro-Display-Medium.otf"; sourceTree = "<group>"; };
		49F557542578ACC60036F1D2 /* SF-Pro-Display-Thin.otf */ = {isa = PBXFileReference; lastKnownFileType = file; path = "SF-Pro-Display-Thin.otf"; sourceTree = "<group>"; };
		49F557552578ACC60036F1D2 /* SF-Pro-Display-Black.otf */ = {isa = PBXFileReference; lastKnownFileType = file; path = "SF-Pro-Display-Black.otf"; sourceTree = "<group>"; };
		49F557692578ACD60036F1D2 /* SF-Pro-Display-UltralightItalic.otf */ = {isa = PBXFileReference; lastKnownFileType = file; path = "SF-Pro-Display-UltralightItalic.otf"; sourceTree = "<group>"; };
		49F5576A2578ACD60036F1D2 /* SF-Pro-Display-RegularItalic.otf */ = {isa = PBXFileReference; lastKnownFileType = file; path = "SF-Pro-Display-RegularItalic.otf"; sourceTree = "<group>"; };
		49F5576B2578ACD60036F1D2 /* SF-Pro-Display-HeavyItalic.otf */ = {isa = PBXFileReference; lastKnownFileType = file; path = "SF-Pro-Display-HeavyItalic.otf"; sourceTree = "<group>"; };
		49F557882578B25D0036F1D2 /* UIColor.swift */ = {isa = PBXFileReference; lastKnownFileType = sourcecode.swift; path = UIColor.swift; sourceTree = "<group>"; };
		49F557B02578B7110036F1D2 /* Localized.swift */ = {isa = PBXFileReference; lastKnownFileType = sourcecode.swift; path = Localized.swift; sourceTree = "<group>"; };
		49FFAEE52579385900808421 /* UIView.swift */ = {isa = PBXFileReference; lastKnownFileType = sourcecode.swift; path = UIView.swift; sourceTree = "<group>"; };
		49FFAEEA25793E3200808421 /* UIButton.swift */ = {isa = PBXFileReference; lastKnownFileType = sourcecode.swift; path = UIButton.swift; sourceTree = "<group>"; };
		49FFAEEF2579426200808421 /* Welcome.strings */ = {isa = PBXFileReference; lastKnownFileType = text.plist.strings; path = Welcome.strings; sourceTree = "<group>"; };
		49FFAEF4257942D100808421 /* LocationSettings.swift */ = {isa = PBXFileReference; lastKnownFileType = sourcecode.swift; path = LocationSettings.swift; sourceTree = "<group>"; };
		49FFAEFA2579441500808421 /* CounterConstants.swift */ = {isa = PBXFileReference; lastKnownFileType = sourcecode.swift; path = CounterConstants.swift; sourceTree = "<group>"; };
		49FFAF042579477F00808421 /* UILabel.swift */ = {isa = PBXFileReference; lastKnownFileType = sourcecode.swift; path = UILabel.swift; sourceTree = "<group>"; };
		49FFAF0C2579493E00808421 /* UIControl.swift */ = {isa = PBXFileReference; lastKnownFileType = sourcecode.swift; path = UIControl.swift; sourceTree = "<group>"; };
		49FFAF12257949CE00808421 /* CountersViewController.swift */ = {isa = PBXFileReference; lastKnownFileType = sourcecode.swift; path = CountersViewController.swift; sourceTree = "<group>"; };
		49FFAF13257949CE00808421 /* CountersViewController.xib */ = {isa = PBXFileReference; lastKnownFileType = file.xib; path = CountersViewController.xib; sourceTree = "<group>"; };
		49FFAF1D25794DE400808421 /* BaseViewController.swift */ = {isa = PBXFileReference; lastKnownFileType = sourcecode.swift; path = BaseViewController.swift; sourceTree = "<group>"; };
		49FFAF252579BC3F00808421 /* Counters.strings */ = {isa = PBXFileReference; lastKnownFileType = text.plist.strings; path = Counters.strings; sourceTree = "<group>"; };
		49FFAF2D2579C08900808421 /* UIBarButtonItem.swift */ = {isa = PBXFileReference; lastKnownFileType = sourcecode.swift; path = UIBarButtonItem.swift; sourceTree = "<group>"; };
		49FFAF322579DC2300808421 /* CountersViewModel.swift */ = {isa = PBXFileReference; lastKnownFileType = sourcecode.swift; path = CountersViewModel.swift; sourceTree = "<group>"; };
		49FFAF382579DD2F00808421 /* UITableViewCell.swift */ = {isa = PBXFileReference; lastKnownFileType = sourcecode.swift; path = UITableViewCell.swift; sourceTree = "<group>"; };
		49FFAF3D2579DD6000808421 /* CounterTableViewCell.swift */ = {isa = PBXFileReference; lastKnownFileType = sourcecode.swift; path = CounterTableViewCell.swift; sourceTree = "<group>"; };
		49FFAF3E2579DD6000808421 /* CounterTableViewCell.xib */ = {isa = PBXFileReference; lastKnownFileType = file.xib; path = CounterTableViewCell.xib; sourceTree = "<group>"; };
/* End PBXFileReference section */

/* Begin PBXFrameworksBuildPhase section */
		493416B925774ED600FD57FF /* Frameworks */ = {
			isa = PBXFrameworksBuildPhase;
			buildActionMask = 2147483647;
			files = (
			);
			runOnlyForDeploymentPostprocessing = 0;
		};
		493416CF25774ED800FD57FF /* Frameworks */ = {
			isa = PBXFrameworksBuildPhase;
			buildActionMask = 2147483647;
			files = (
			);
			runOnlyForDeploymentPostprocessing = 0;
		};
		493416DA25774ED800FD57FF /* Frameworks */ = {
			isa = PBXFrameworksBuildPhase;
			buildActionMask = 2147483647;
			files = (
			);
			runOnlyForDeploymentPostprocessing = 0;
		};
/* End PBXFrameworksBuildPhase section */

/* Begin PBXGroup section */
		493416B325774ED600FD57FF = {
			isa = PBXGroup;
			children = (
				493416BE25774ED600FD57FF /* counterApp */,
				493416D525774ED800FD57FF /* counterAppTests */,
				493416E025774ED800FD57FF /* counterAppUITests */,
				493416BD25774ED600FD57FF /* Products */,
			);
			sourceTree = "<group>";
		};
		493416BD25774ED600FD57FF /* Products */ = {
			isa = PBXGroup;
			children = (
				493416BC25774ED600FD57FF /* counterApp.app */,
				493416D225774ED800FD57FF /* counterAppTests.xctest */,
				493416DD25774ED800FD57FF /* counterAppUITests.xctest */,
			);
			name = Products;
			sourceTree = "<group>";
		};
		493416BE25774ED600FD57FF /* counterApp */ = {
			isa = PBXGroup;
			children = (
				493416F825789A7E00FD57FF /* Assets */,
				493416F925789ABC00FD57FF /* Configuration */,
				493416FB25789AD600FD57FF /* Modules */,
				493416FA25789ACC00FD57FF /* Common */,
				493416BF25774ED600FD57FF /* AppDelegate.swift */,
				493416CA25774ED700FD57FF /* LaunchScreen.storyboard */,
			);
			path = counterApp;
			sourceTree = "<group>";
		};
		493416D525774ED800FD57FF /* counterAppTests */ = {
			isa = PBXGroup;
			children = (
				493416D625774ED800FD57FF /* counterAppTests.swift */,
				493416D825774ED800FD57FF /* Info.plist */,
			);
			path = counterAppTests;
			sourceTree = "<group>";
		};
		493416E025774ED800FD57FF /* counterAppUITests */ = {
			isa = PBXGroup;
			children = (
				493416E125774ED800FD57FF /* counterAppUITests.swift */,
				493416E325774ED800FD57FF /* Info.plist */,
			);
			path = counterAppUITests;
			sourceTree = "<group>";
		};
		493416F825789A7E00FD57FF /* Assets */ = {
			isa = PBXGroup;
			children = (
				493416C825774ED700FD57FF /* Assets.xcassets */,
				494D7A3C257B1B6A00F664B2 /* Icons.xcassets */,
			);
			path = Assets;
			sourceTree = "<group>";
		};
		493416F925789ABC00FD57FF /* Configuration */ = {
			isa = PBXGroup;
			children = (
				49F557472578ACA50036F1D2 /* Font */,
				493416CD25774ED700FD57FF /* Info.plist */,
			);
			path = Configuration;
			sourceTree = "<group>";
		};
		493416FA25789ACC00FD57FF /* Common */ = {
			isa = PBXGroup;
			children = (
				494D7A41257B389600F664B2 /* View */,
				49FFAF1C25794DD100808421 /* Base */,
				49FFAEF9257943DD00808421 /* Utilities */,
				49F557AF2578B6F50036F1D2 /* AppString */,
				49F557872578B24E0036F1D2 /* Extensions */,
				493416FF25789B9300FD57FF /* Coordinator */,
			);
			path = Common;
			sourceTree = "<group>";
		};
		493416FB25789AD600FD57FF /* Modules */ = {
			isa = PBXGroup;
			children = (
				494D7A24257AF92000F664B2 /* CreateCounter */,
				49FFAF11257949B700808421 /* Counters */,
				49F5572E2578A86B0036F1D2 /* Welcome */,
			);
			path = Modules;
			sourceTree = "<group>";
		};
		493416FF25789B9300FD57FF /* Coordinator */ = {
			isa = PBXGroup;
			children = (
				4934170025789BBC00FD57FF /* Coodinator.swift */,
				4934170825789BE200FD57FF /* Storyboarded.swift */,
				4934170E25789C2D00FD57FF /* MainCoordinator.swift */,
			);
			path = Coordinator;
			sourceTree = "<group>";
		};
		494D7A24257AF92000F664B2 /* CreateCounter */ = {
			isa = PBXGroup;
			children = (
				494D7A25257AF95000F664B2 /* CreateCounterViewController.swift */,
				494D7A26257AF95000F664B2 /* CreateCounterViewController.xib */,
			);
			path = CreateCounter;
			sourceTree = "<group>";
		};
		494D7A41257B389600F664B2 /* View */ = {
			isa = PBXGroup;
			children = (
				494D7A50257B39C200F664B2 /* ResultView */,
			);
			path = View;
			sourceTree = "<group>";
		};
		494D7A50257B39C200F664B2 /* ResultView */ = {
			isa = PBXGroup;
			children = (
				494D7A61257B409F00F664B2 /* ResultView.swift */,
				494D7A69257B40B500F664B2 /* ResultView.xib */,
			);
			path = ResultView;
			sourceTree = "<group>";
		};
		49F5572E2578A86B0036F1D2 /* Welcome */ = {
			isa = PBXGroup;
			children = (
				49F557342578A89B0036F1D2 /* WelcomeViewController.swift */,
				49F557352578A89B0036F1D2 /* WelcomeViewController.xib */,
			);
			path = Welcome;
			sourceTree = "<group>";
		};
		49F557472578ACA50036F1D2 /* Font */ = {
			isa = PBXGroup;
			children = (
				49F5576B2578ACD60036F1D2 /* SF-Pro-Display-HeavyItalic.otf */,
				49F5576A2578ACD60036F1D2 /* SF-Pro-Display-RegularItalic.otf */,
				49F557692578ACD60036F1D2 /* SF-Pro-Display-UltralightItalic.otf */,
				49F557552578ACC60036F1D2 /* SF-Pro-Display-Black.otf */,
				49F5574B2578ACC60036F1D2 /* SF-Pro-Display-Bold.otf */,
				49F557482578ACC60036F1D2 /* SF-Pro-Display-Heavy.otf */,
				49F5574C2578ACC60036F1D2 /* SF-Pro-Display-Light.otf */,
				49F557522578ACC60036F1D2 /* SF-Pro-Display-Medium.otf */,
				49F5574A2578ACC60036F1D2 /* SF-Pro-Display-Regular.otf */,
				49F557492578ACC60036F1D2 /* SF-Pro-Display-Semibold.otf */,
				49F557542578ACC60036F1D2 /* SF-Pro-Display-Thin.otf */,
				49F557512578ACC60036F1D2 /* SF-Pro-Display-Ultralight.otf */,
			);
			path = Font;
			sourceTree = "<group>";
		};
		49F557872578B24E0036F1D2 /* Extensions */ = {
			isa = PBXGroup;
			children = (
				49F557882578B25D0036F1D2 /* UIColor.swift */,
				49FFAEE52579385900808421 /* UIView.swift */,
				49FFAEEA25793E3200808421 /* UIButton.swift */,
				49FFAF042579477F00808421 /* UILabel.swift */,
				49FFAF0C2579493E00808421 /* UIControl.swift */,
				49FFAF2D2579C08900808421 /* UIBarButtonItem.swift */,
				49FFAF382579DD2F00808421 /* UITableViewCell.swift */,
			);
			path = Extensions;
			sourceTree = "<group>";
		};
		49F557AF2578B6F50036F1D2 /* AppString */ = {
			isa = PBXGroup;
			children = (
				49F557B02578B7110036F1D2 /* Localized.swift */,
				49FFAEF4257942D100808421 /* LocationSettings.swift */,
				49FFAEEF2579426200808421 /* Welcome.strings */,
				49FFAF252579BC3F00808421 /* Counters.strings */,
				494D7A2F257AFA2B00F664B2 /* CounterCreate.strings */,
			);
			path = AppString;
			sourceTree = "<group>";
		};
		49FFAEF9257943DD00808421 /* Utilities */ = {
			isa = PBXGroup;
			children = (
				49FFAEFA2579441500808421 /* CounterConstants.swift */,
			);
			path = Utilities;
			sourceTree = "<group>";
		};
		49FFAF11257949B700808421 /* Counters */ = {
			isa = PBXGroup;
			children = (
				49FFAF372579DCCD00808421 /* Cell */,
				49FFAF12257949CE00808421 /* CountersViewController.swift */,
				49FFAF13257949CE00808421 /* CountersViewController.xib */,
				49FFAF322579DC2300808421 /* CountersViewModel.swift */,
				494D7A1F257AD70600F664B2 /* CounterModel.swift */,
			);
			path = Counters;
			sourceTree = "<group>";
		};
		49FFAF1C25794DD100808421 /* Base */ = {
			isa = PBXGroup;
			children = (
				49FFAF1D25794DE400808421 /* BaseViewController.swift */,
			);
			path = Base;
			sourceTree = "<group>";
		};
		49FFAF372579DCCD00808421 /* Cell */ = {
			isa = PBXGroup;
			children = (
				49FFAF3D2579DD6000808421 /* CounterTableViewCell.swift */,
				49FFAF3E2579DD6000808421 /* CounterTableViewCell.xib */,
			);
			path = Cell;
			sourceTree = "<group>";
		};
/* End PBXGroup section */

/* Begin PBXNativeTarget section */
		493416BB25774ED600FD57FF /* counterApp */ = {
			isa = PBXNativeTarget;
			buildConfigurationList = 493416E625774ED800FD57FF /* Build configuration list for PBXNativeTarget "counterApp" */;
			buildPhases = (
				493416B825774ED600FD57FF /* Sources */,
				493416B925774ED600FD57FF /* Frameworks */,
				493416BA25774ED600FD57FF /* Resources */,
			);
			buildRules = (
			);
			dependencies = (
			);
			name = counterApp;
			productName = counterApp;
			productReference = 493416BC25774ED600FD57FF /* counterApp.app */;
			productType = "com.apple.product-type.application";
		};
		493416D125774ED800FD57FF /* counterAppTests */ = {
			isa = PBXNativeTarget;
			buildConfigurationList = 493416E925774ED800FD57FF /* Build configuration list for PBXNativeTarget "counterAppTests" */;
			buildPhases = (
				493416CE25774ED800FD57FF /* Sources */,
				493416CF25774ED800FD57FF /* Frameworks */,
				493416D025774ED800FD57FF /* Resources */,
			);
			buildRules = (
			);
			dependencies = (
				493416D425774ED800FD57FF /* PBXTargetDependency */,
			);
			name = counterAppTests;
			productName = counterAppTests;
			productReference = 493416D225774ED800FD57FF /* counterAppTests.xctest */;
			productType = "com.apple.product-type.bundle.unit-test";
		};
		493416DC25774ED800FD57FF /* counterAppUITests */ = {
			isa = PBXNativeTarget;
			buildConfigurationList = 493416EC25774ED800FD57FF /* Build configuration list for PBXNativeTarget "counterAppUITests" */;
			buildPhases = (
				493416D925774ED800FD57FF /* Sources */,
				493416DA25774ED800FD57FF /* Frameworks */,
				493416DB25774ED800FD57FF /* Resources */,
			);
			buildRules = (
			);
			dependencies = (
				493416DF25774ED800FD57FF /* PBXTargetDependency */,
			);
			name = counterAppUITests;
			productName = counterAppUITests;
			productReference = 493416DD25774ED800FD57FF /* counterAppUITests.xctest */;
			productType = "com.apple.product-type.bundle.ui-testing";
		};
/* End PBXNativeTarget section */

/* Begin PBXProject section */
		493416B425774ED600FD57FF /* Project object */ = {
			isa = PBXProject;
			attributes = {
				LastSwiftUpdateCheck = 1220;
				LastUpgradeCheck = 1220;
				TargetAttributes = {
					493416BB25774ED600FD57FF = {
						CreatedOnToolsVersion = 12.2;
					};
					493416D125774ED800FD57FF = {
						CreatedOnToolsVersion = 12.2;
						TestTargetID = 493416BB25774ED600FD57FF;
					};
					493416DC25774ED800FD57FF = {
						CreatedOnToolsVersion = 12.2;
						TestTargetID = 493416BB25774ED600FD57FF;
					};
				};
			};
			buildConfigurationList = 493416B725774ED600FD57FF /* Build configuration list for PBXProject "counterApp" */;
			compatibilityVersion = "Xcode 9.3";
			developmentRegion = en;
			hasScannedForEncodings = 0;
			knownRegions = (
				en,
				Base,
			);
			mainGroup = 493416B325774ED600FD57FF;
			productRefGroup = 493416BD25774ED600FD57FF /* Products */;
			projectDirPath = "";
			projectRoot = "";
			targets = (
				493416BB25774ED600FD57FF /* counterApp */,
				493416D125774ED800FD57FF /* counterAppTests */,
				493416DC25774ED800FD57FF /* counterAppUITests */,
			);
		};
/* End PBXProject section */

/* Begin PBXResourcesBuildPhase section */
		493416BA25774ED600FD57FF /* Resources */ = {
			isa = PBXResourcesBuildPhase;
			buildActionMask = 2147483647;
			files = (
				49F557372578A89B0036F1D2 /* WelcomeViewController.xib in Resources */,
				493416CC25774ED700FD57FF /* LaunchScreen.storyboard in Resources */,
				49F557582578ACC60036F1D2 /* SF-Pro-Display-Semibold.otf in Resources */,
				49FFAEF02579426200808421 /* Welcome.strings in Resources */,
				493416C925774ED700FD57FF /* Assets.xcassets in Resources */,
				49FFAF402579DD6000808421 /* CounterTableViewCell.xib in Resources */,
				49F5576C2578ACD60036F1D2 /* SF-Pro-Display-UltralightItalic.otf in Resources */,
				49FFAF15257949CE00808421 /* CountersViewController.xib in Resources */,
				49F5576D2578ACD60036F1D2 /* SF-Pro-Display-RegularItalic.otf in Resources */,
				49F557612578ACC70036F1D2 /* SF-Pro-Display-Medium.otf in Resources */,
				494D7A3D257B1B6A00F664B2 /* Icons.xcassets in Resources */,
				49FFAF262579BC3F00808421 /* Counters.strings in Resources */,
				49F557632578ACC70036F1D2 /* SF-Pro-Display-Thin.otf in Resources */,
				49F5575A2578ACC60036F1D2 /* SF-Pro-Display-Bold.otf in Resources */,
				494D7A6A257B40B500F664B2 /* ResultView.xib in Resources */,
				49F557592578ACC60036F1D2 /* SF-Pro-Display-Regular.otf in Resources */,
				49F5575B2578ACC60036F1D2 /* SF-Pro-Display-Light.otf in Resources */,
				494D7A28257AF95000F664B2 /* CreateCounterViewController.xib in Resources */,
				49F5576E2578ACD60036F1D2 /* SF-Pro-Display-HeavyItalic.otf in Resources */,
				49F557572578ACC60036F1D2 /* SF-Pro-Display-Heavy.otf in Resources */,
				49F557642578ACC70036F1D2 /* SF-Pro-Display-Black.otf in Resources */,
				49F557602578ACC70036F1D2 /* SF-Pro-Display-Ultralight.otf in Resources */,
				494D7A30257AFA2B00F664B2 /* CounterCreate.strings in Resources */,
			);
			runOnlyForDeploymentPostprocessing = 0;
		};
		493416D025774ED800FD57FF /* Resources */ = {
			isa = PBXResourcesBuildPhase;
			buildActionMask = 2147483647;
			files = (
			);
			runOnlyForDeploymentPostprocessing = 0;
		};
		493416DB25774ED800FD57FF /* Resources */ = {
			isa = PBXResourcesBuildPhase;
			buildActionMask = 2147483647;
			files = (
			);
			runOnlyForDeploymentPostprocessing = 0;
		};
/* End PBXResourcesBuildPhase section */

/* Begin PBXSourcesBuildPhase section */
		493416B825774ED600FD57FF /* Sources */ = {
			isa = PBXSourcesBuildPhase;
			buildActionMask = 2147483647;
			files = (
				493416C025774ED600FD57FF /* AppDelegate.swift in Sources */,
				49F557B12578B7110036F1D2 /* Localized.swift in Sources */,
				494D7A62257B409F00F664B2 /* ResultView.swift in Sources */,
				49FFAF052579477F00808421 /* UILabel.swift in Sources */,
				49F557892578B25D0036F1D2 /* UIColor.swift in Sources */,
				49FFAF2E2579C08900808421 /* UIBarButtonItem.swift in Sources */,
				49FFAF392579DD2F00808421 /* UITableViewCell.swift in Sources */,
				49FFAEF5257942D100808421 /* LocationSettings.swift in Sources */,
				494D7A20257AD70600F664B2 /* CounterModel.swift in Sources */,
				49F557362578A89B0036F1D2 /* WelcomeViewController.swift in Sources */,
				49FFAF0D2579493E00808421 /* UIControl.swift in Sources */,
				49FFAEEB25793E3200808421 /* UIButton.swift in Sources */,
				4934170F25789C2D00FD57FF /* MainCoordinator.swift in Sources */,
				49FFAF3F2579DD6000808421 /* CounterTableViewCell.swift in Sources */,
				4934170125789BBC00FD57FF /* Coodinator.swift in Sources */,
				49FFAEE62579385900808421 /* UIView.swift in Sources */,
				49FFAEFB2579441500808421 /* CounterConstants.swift in Sources */,
				49FFAF1E25794DE400808421 /* BaseViewController.swift in Sources */,
				49FFAF332579DC2300808421 /* CountersViewModel.swift in Sources */,
				4934170925789BE200FD57FF /* Storyboarded.swift in Sources */,
				49FFAF14257949CE00808421 /* CountersViewController.swift in Sources */,
				494D7A27257AF95000F664B2 /* CreateCounterViewController.swift in Sources */,
			);
			runOnlyForDeploymentPostprocessing = 0;
		};
		493416CE25774ED800FD57FF /* Sources */ = {
			isa = PBXSourcesBuildPhase;
			buildActionMask = 2147483647;
			files = (
				493416D725774ED800FD57FF /* counterAppTests.swift in Sources */,
			);
			runOnlyForDeploymentPostprocessing = 0;
		};
		493416D925774ED800FD57FF /* Sources */ = {
			isa = PBXSourcesBuildPhase;
			buildActionMask = 2147483647;
			files = (
				493416E225774ED800FD57FF /* counterAppUITests.swift in Sources */,
			);
			runOnlyForDeploymentPostprocessing = 0;
		};
/* End PBXSourcesBuildPhase section */

/* Begin PBXTargetDependency section */
		493416D425774ED800FD57FF /* PBXTargetDependency */ = {
			isa = PBXTargetDependency;
			target = 493416BB25774ED600FD57FF /* counterApp */;
			targetProxy = 493416D325774ED800FD57FF /* PBXContainerItemProxy */;
		};
		493416DF25774ED800FD57FF /* PBXTargetDependency */ = {
			isa = PBXTargetDependency;
			target = 493416BB25774ED600FD57FF /* counterApp */;
			targetProxy = 493416DE25774ED800FD57FF /* PBXContainerItemProxy */;
		};
/* End PBXTargetDependency section */

/* Begin PBXVariantGroup section */
		493416CA25774ED700FD57FF /* LaunchScreen.storyboard */ = {
			isa = PBXVariantGroup;
			children = (
				493416CB25774ED700FD57FF /* Base */,
			);
			name = LaunchScreen.storyboard;
			sourceTree = "<group>";
		};
/* End PBXVariantGroup section */

/* Begin XCBuildConfiguration section */
		493416E425774ED800FD57FF /* Debug */ = {
			isa = XCBuildConfiguration;
			buildSettings = {
				ALWAYS_SEARCH_USER_PATHS = NO;
				CLANG_ANALYZER_NONNULL = YES;
				CLANG_ANALYZER_NUMBER_OBJECT_CONVERSION = YES_AGGRESSIVE;
				CLANG_CXX_LANGUAGE_STANDARD = "gnu++14";
				CLANG_CXX_LIBRARY = "libc++";
				CLANG_ENABLE_MODULES = YES;
				CLANG_ENABLE_OBJC_ARC = YES;
				CLANG_ENABLE_OBJC_WEAK = YES;
				CLANG_WARN_BLOCK_CAPTURE_AUTORELEASING = YES;
				CLANG_WARN_BOOL_CONVERSION = YES;
				CLANG_WARN_COMMA = YES;
				CLANG_WARN_CONSTANT_CONVERSION = YES;
				CLANG_WARN_DEPRECATED_OBJC_IMPLEMENTATIONS = YES;
				CLANG_WARN_DIRECT_OBJC_ISA_USAGE = YES_ERROR;
				CLANG_WARN_DOCUMENTATION_COMMENTS = YES;
				CLANG_WARN_EMPTY_BODY = YES;
				CLANG_WARN_ENUM_CONVERSION = YES;
				CLANG_WARN_INFINITE_RECURSION = YES;
				CLANG_WARN_INT_CONVERSION = YES;
				CLANG_WARN_NON_LITERAL_NULL_CONVERSION = YES;
				CLANG_WARN_OBJC_IMPLICIT_RETAIN_SELF = YES;
				CLANG_WARN_OBJC_LITERAL_CONVERSION = YES;
				CLANG_WARN_OBJC_ROOT_CLASS = YES_ERROR;
				CLANG_WARN_QUOTED_INCLUDE_IN_FRAMEWORK_HEADER = YES;
				CLANG_WARN_RANGE_LOOP_ANALYSIS = YES;
				CLANG_WARN_STRICT_PROTOTYPES = YES;
				CLANG_WARN_SUSPICIOUS_MOVE = YES;
				CLANG_WARN_UNGUARDED_AVAILABILITY = YES_AGGRESSIVE;
				CLANG_WARN_UNREACHABLE_CODE = YES;
				CLANG_WARN__DUPLICATE_METHOD_MATCH = YES;
				COPY_PHASE_STRIP = NO;
				DEBUG_INFORMATION_FORMAT = dwarf;
				ENABLE_STRICT_OBJC_MSGSEND = YES;
				ENABLE_TESTABILITY = YES;
				GCC_C_LANGUAGE_STANDARD = gnu11;
				GCC_DYNAMIC_NO_PIC = NO;
				GCC_NO_COMMON_BLOCKS = YES;
				GCC_OPTIMIZATION_LEVEL = 0;
				GCC_PREPROCESSOR_DEFINITIONS = (
					"DEBUG=1",
					"$(inherited)",
				);
				GCC_WARN_64_TO_32_BIT_CONVERSION = YES;
				GCC_WARN_ABOUT_RETURN_TYPE = YES_ERROR;
				GCC_WARN_UNDECLARED_SELECTOR = YES;
				GCC_WARN_UNINITIALIZED_AUTOS = YES_AGGRESSIVE;
				GCC_WARN_UNUSED_FUNCTION = YES;
				GCC_WARN_UNUSED_VARIABLE = YES;
				IPHONEOS_DEPLOYMENT_TARGET = 14.2;
				MTL_ENABLE_DEBUG_INFO = INCLUDE_SOURCE;
				MTL_FAST_MATH = YES;
				ONLY_ACTIVE_ARCH = YES;
				SDKROOT = iphoneos;
				SWIFT_ACTIVE_COMPILATION_CONDITIONS = DEBUG;
				SWIFT_OPTIMIZATION_LEVEL = "-Onone";
			};
			name = Debug;
		};
		493416E525774ED800FD57FF /* Release */ = {
			isa = XCBuildConfiguration;
			buildSettings = {
				ALWAYS_SEARCH_USER_PATHS = NO;
				CLANG_ANALYZER_NONNULL = YES;
				CLANG_ANALYZER_NUMBER_OBJECT_CONVERSION = YES_AGGRESSIVE;
				CLANG_CXX_LANGUAGE_STANDARD = "gnu++14";
				CLANG_CXX_LIBRARY = "libc++";
				CLANG_ENABLE_MODULES = YES;
				CLANG_ENABLE_OBJC_ARC = YES;
				CLANG_ENABLE_OBJC_WEAK = YES;
				CLANG_WARN_BLOCK_CAPTURE_AUTORELEASING = YES;
				CLANG_WARN_BOOL_CONVERSION = YES;
				CLANG_WARN_COMMA = YES;
				CLANG_WARN_CONSTANT_CONVERSION = YES;
				CLANG_WARN_DEPRECATED_OBJC_IMPLEMENTATIONS = YES;
				CLANG_WARN_DIRECT_OBJC_ISA_USAGE = YES_ERROR;
				CLANG_WARN_DOCUMENTATION_COMMENTS = YES;
				CLANG_WARN_EMPTY_BODY = YES;
				CLANG_WARN_ENUM_CONVERSION = YES;
				CLANG_WARN_INFINITE_RECURSION = YES;
				CLANG_WARN_INT_CONVERSION = YES;
				CLANG_WARN_NON_LITERAL_NULL_CONVERSION = YES;
				CLANG_WARN_OBJC_IMPLICIT_RETAIN_SELF = YES;
				CLANG_WARN_OBJC_LITERAL_CONVERSION = YES;
				CLANG_WARN_OBJC_ROOT_CLASS = YES_ERROR;
				CLANG_WARN_QUOTED_INCLUDE_IN_FRAMEWORK_HEADER = YES;
				CLANG_WARN_RANGE_LOOP_ANALYSIS = YES;
				CLANG_WARN_STRICT_PROTOTYPES = YES;
				CLANG_WARN_SUSPICIOUS_MOVE = YES;
				CLANG_WARN_UNGUARDED_AVAILABILITY = YES_AGGRESSIVE;
				CLANG_WARN_UNREACHABLE_CODE = YES;
				CLANG_WARN__DUPLICATE_METHOD_MATCH = YES;
				COPY_PHASE_STRIP = NO;
				DEBUG_INFORMATION_FORMAT = "dwarf-with-dsym";
				ENABLE_NS_ASSERTIONS = NO;
				ENABLE_STRICT_OBJC_MSGSEND = YES;
				GCC_C_LANGUAGE_STANDARD = gnu11;
				GCC_NO_COMMON_BLOCKS = YES;
				GCC_WARN_64_TO_32_BIT_CONVERSION = YES;
				GCC_WARN_ABOUT_RETURN_TYPE = YES_ERROR;
				GCC_WARN_UNDECLARED_SELECTOR = YES;
				GCC_WARN_UNINITIALIZED_AUTOS = YES_AGGRESSIVE;
				GCC_WARN_UNUSED_FUNCTION = YES;
				GCC_WARN_UNUSED_VARIABLE = YES;
				IPHONEOS_DEPLOYMENT_TARGET = 14.2;
				MTL_ENABLE_DEBUG_INFO = NO;
				MTL_FAST_MATH = YES;
				SDKROOT = iphoneos;
				SWIFT_COMPILATION_MODE = wholemodule;
				SWIFT_OPTIMIZATION_LEVEL = "-O";
				VALIDATE_PRODUCT = YES;
			};
			name = Release;
		};
		493416E725774ED800FD57FF /* Debug */ = {
			isa = XCBuildConfiguration;
			buildSettings = {
				ASSETCATALOG_COMPILER_APPICON_NAME = AppIcon;
				ASSETCATALOG_COMPILER_GLOBAL_ACCENT_COLOR_NAME = AccentColor;
				CODE_SIGN_STYLE = Automatic;
				DEVELOPMENT_TEAM = 8D755DRTSY;
				INFOPLIST_FILE = counterApp/Configuration/Info.plist;
				LD_RUNPATH_SEARCH_PATHS = (
					"$(inherited)",
					"@executable_path/Frameworks",
				);
				PRODUCT_BUNDLE_IDENTIFIER = com.kshone.counterApp;
				PRODUCT_NAME = "$(TARGET_NAME)";
				SWIFT_VERSION = 5.0;
				TARGETED_DEVICE_FAMILY = 1;
			};
			name = Debug;
		};
		493416E825774ED800FD57FF /* Release */ = {
			isa = XCBuildConfiguration;
			buildSettings = {
				ASSETCATALOG_COMPILER_APPICON_NAME = AppIcon;
				ASSETCATALOG_COMPILER_GLOBAL_ACCENT_COLOR_NAME = AccentColor;
				CODE_SIGN_STYLE = Automatic;
				DEVELOPMENT_TEAM = 8D755DRTSY;
				INFOPLIST_FILE = counterApp/Configuration/Info.plist;
				LD_RUNPATH_SEARCH_PATHS = (
					"$(inherited)",
					"@executable_path/Frameworks",
				);
				PRODUCT_BUNDLE_IDENTIFIER = com.kshone.counterApp;
				PRODUCT_NAME = "$(TARGET_NAME)";
				SWIFT_VERSION = 5.0;
				TARGETED_DEVICE_FAMILY = 1;
			};
			name = Release;
		};
		493416EA25774ED800FD57FF /* Debug */ = {
			isa = XCBuildConfiguration;
			buildSettings = {
				ALWAYS_EMBED_SWIFT_STANDARD_LIBRARIES = YES;
				BUNDLE_LOADER = "$(TEST_HOST)";
				CODE_SIGN_STYLE = Automatic;
				DEVELOPMENT_TEAM = 8D755DRTSY;
				INFOPLIST_FILE = counterAppTests/Info.plist;
				IPHONEOS_DEPLOYMENT_TARGET = 14.2;
				LD_RUNPATH_SEARCH_PATHS = (
					"$(inherited)",
					"@executable_path/Frameworks",
					"@loader_path/Frameworks",
				);
				PRODUCT_BUNDLE_IDENTIFIER = com.kshone.counterAppTests;
				PRODUCT_NAME = "$(TARGET_NAME)";
				SWIFT_VERSION = 5.0;
				TARGETED_DEVICE_FAMILY = "1,2";
				TEST_HOST = "$(BUILT_PRODUCTS_DIR)/counterApp.app/counterApp";
			};
			name = Debug;
		};
		493416EB25774ED800FD57FF /* Release */ = {
			isa = XCBuildConfiguration;
			buildSettings = {
				ALWAYS_EMBED_SWIFT_STANDARD_LIBRARIES = YES;
				BUNDLE_LOADER = "$(TEST_HOST)";
				CODE_SIGN_STYLE = Automatic;
				DEVELOPMENT_TEAM = 8D755DRTSY;
				INFOPLIST_FILE = counterAppTests/Info.plist;
				IPHONEOS_DEPLOYMENT_TARGET = 14.2;
				LD_RUNPATH_SEARCH_PATHS = (
					"$(inherited)",
					"@executable_path/Frameworks",
					"@loader_path/Frameworks",
				);
				PRODUCT_BUNDLE_IDENTIFIER = com.kshone.counterAppTests;
				PRODUCT_NAME = "$(TARGET_NAME)";
				SWIFT_VERSION = 5.0;
				TARGETED_DEVICE_FAMILY = "1,2";
				TEST_HOST = "$(BUILT_PRODUCTS_DIR)/counterApp.app/counterApp";
			};
			name = Release;
		};
		493416ED25774ED800FD57FF /* Debug */ = {
			isa = XCBuildConfiguration;
			buildSettings = {
				ALWAYS_EMBED_SWIFT_STANDARD_LIBRARIES = YES;
				CODE_SIGN_STYLE = Automatic;
				DEVELOPMENT_TEAM = 8D755DRTSY;
				INFOPLIST_FILE = counterAppUITests/Info.plist;
				LD_RUNPATH_SEARCH_PATHS = (
					"$(inherited)",
					"@executable_path/Frameworks",
					"@loader_path/Frameworks",
				);
				PRODUCT_BUNDLE_IDENTIFIER = com.kshone.counterAppUITests;
				PRODUCT_NAME = "$(TARGET_NAME)";
				SWIFT_VERSION = 5.0;
				TARGETED_DEVICE_FAMILY = "1,2";
				TEST_TARGET_NAME = counterApp;
			};
			name = Debug;
		};
		493416EE25774ED800FD57FF /* Release */ = {
			isa = XCBuildConfiguration;
			buildSettings = {
				ALWAYS_EMBED_SWIFT_STANDARD_LIBRARIES = YES;
				CODE_SIGN_STYLE = Automatic;
				DEVELOPMENT_TEAM = 8D755DRTSY;
				INFOPLIST_FILE = counterAppUITests/Info.plist;
				LD_RUNPATH_SEARCH_PATHS = (
					"$(inherited)",
					"@executable_path/Frameworks",
					"@loader_path/Frameworks",
				);
				PRODUCT_BUNDLE_IDENTIFIER = com.kshone.counterAppUITests;
				PRODUCT_NAME = "$(TARGET_NAME)";
				SWIFT_VERSION = 5.0;
				TARGETED_DEVICE_FAMILY = "1,2";
				TEST_TARGET_NAME = counterApp;
			};
			name = Release;
		};
/* End XCBuildConfiguration section */

/* Begin XCConfigurationList section */
		493416B725774ED600FD57FF /* Build configuration list for PBXProject "counterApp" */ = {
			isa = XCConfigurationList;
			buildConfigurations = (
				493416E425774ED800FD57FF /* Debug */,
				493416E525774ED800FD57FF /* Release */,
			);
			defaultConfigurationIsVisible = 0;
			defaultConfigurationName = Release;
		};
		493416E625774ED800FD57FF /* Build configuration list for PBXNativeTarget "counterApp" */ = {
			isa = XCConfigurationList;
			buildConfigurations = (
				493416E725774ED800FD57FF /* Debug */,
				493416E825774ED800FD57FF /* Release */,
			);
			defaultConfigurationIsVisible = 0;
			defaultConfigurationName = Release;
		};
		493416E925774ED800FD57FF /* Build configuration list for PBXNativeTarget "counterAppTests" */ = {
			isa = XCConfigurationList;
			buildConfigurations = (
				493416EA25774ED800FD57FF /* Debug */,
				493416EB25774ED800FD57FF /* Release */,
			);
			defaultConfigurationIsVisible = 0;
			defaultConfigurationName = Release;
		};
		493416EC25774ED800FD57FF /* Build configuration list for PBXNativeTarget "counterAppUITests" */ = {
			isa = XCConfigurationList;
			buildConfigurations = (
				493416ED25774ED800FD57FF /* Debug */,
				493416EE25774ED800FD57FF /* Release */,
			);
			defaultConfigurationIsVisible = 0;
			defaultConfigurationName = Release;
		};
/* End XCConfigurationList section */
	};
	rootObject = 493416B425774ED600FD57FF /* Project object */;
}
